
Microsoft Visual Studio Solution File, Format Version 12.00
# Visual Studio Version 17
VisualStudioVersion = 17.8.34511.84
MinimumVisualStudioVersion = 10.0.40219.1
Project("{FAE04EC0-301F-11D3-BF4B-00C04F79EFBC}") = "Tnfsd.NET", "Tnfsd.NET\Tnfsd.NET.csproj", "{CCA3CDD1-F04A-4ECC-85B0-B4A4909121C6}"
EndProject
Global
	GlobalSection(SolutionConfigurationPlatforms) = preSolution
		Debug|Any CPU = Debug|Any CPU
		Release|Any CPU = Release|Any CPU
	EndGlobalSection
	GlobalSection(ProjectConfigurationPlatforms) = postSolution
		{CCA3CDD1-F04A-4ECC-85B0-B4A4909121C6}.Debug|Any CPU.ActiveCfg = Debug|Any CPU
		{CCA3CDD1-F04A-4ECC-85B0-B4A4909121C6}.Debug|Any CPU.Build.0 = Debug|Any CPU
		{CCA3CDD1-F04A-4ECC-85B0-B4A4909121C6}.Release|Any CPU.ActiveCfg = Release|Any CPU
		{CCA3CDD1-F04A-4ECC-85B0-B4A4909121C6}.Release|Any CPU.Build.0 = Release|Any CPU
	EndGlobalSection
	GlobalSection(SolutionProperties) = preSolution
		HideSolutionNode = FALSE
	EndGlobalSection
	GlobalSection(ExtensibilityGlobals) = postSolution
		SolutionGuid = {30D2F7F5-F4C4-42AC-9BFF-A9D58CBF2EF4}
	EndGlobalSection
EndGlobal
